// !$*UTF8*$!
{
	archiveVersion = 1;
	classes = {
	};
	objectVersion = 50;
	objects = {

/* Begin PBXBuildFile section */
		AAF79C7824A92F8600C7C4B3 /* track_markers.hpp in Headers */ = {isa = PBXBuildFile; fileRef = AAF79C7524A92F8600C7C4B3 /* track_markers.hpp */; };
		AAF79C7924A92F8600C7C4B3 /* track_markers.cpp in Sources */ = {isa = PBXBuildFile; fileRef = AAF79C7624A92F8600C7C4B3 /* track_markers.cpp */; };
		AAF79C8B24A931A200C7C4B3 /* libopencv_highgui.4.3.0.dylib in Frameworks */ = {isa = PBXBuildFile; fileRef = AAF79C8324A931A100C7C4B3 /* libopencv_highgui.4.3.0.dylib */; };
		AAF79C8C24A931A200C7C4B3 /* libopencv_videoio.4.3.0.dylib in Frameworks */ = {isa = PBXBuildFile; fileRef = AAF79C8424A931A100C7C4B3 /* libopencv_videoio.4.3.0.dylib */; };
		AAF79C8D24A931A200C7C4B3 /* libopencv_calib3d.4.3.0.dylib in Frameworks */ = {isa = PBXBuildFile; fileRef = AAF79C8524A931A200C7C4B3 /* libopencv_calib3d.4.3.0.dylib */; };
		AAF79C8E24A931A200C7C4B3 /* libopencv_imgcodecs.4.3.0.dylib in Frameworks */ = {isa = PBXBuildFile; fileRef = AAF79C8624A931A200C7C4B3 /* libopencv_imgcodecs.4.3.0.dylib */; };
		AAF79C8F24A931A200C7C4B3 /* libopencv_aruco.4.3.0.dylib in Frameworks */ = {isa = PBXBuildFile; fileRef = AAF79C8724A931A200C7C4B3 /* libopencv_aruco.4.3.0.dylib */; };
		AAF79C9024A931A200C7C4B3 /* libopencv_core.4.3.0.dylib in Frameworks */ = {isa = PBXBuildFile; fileRef = AAF79C8824A931A200C7C4B3 /* libopencv_core.4.3.0.dylib */; };
		AAF79C9124A931A200C7C4B3 /* libopencv_features2d.4.3.0.dylib in Frameworks */ = {isa = PBXBuildFile; fileRef = AAF79C8924A931A200C7C4B3 /* libopencv_features2d.4.3.0.dylib */; };
		AAF79C9224A931A200C7C4B3 /* libopencv_imgproc.4.3.0.dylib in Frameworks */ = {isa = PBXBuildFile; fileRef = AAF79C8A24A931A200C7C4B3 /* libopencv_imgproc.4.3.0.dylib */; };
		AAF79C9924A9356F00C7C4B3 /* wrapper.cpp in Sources */ = {isa = PBXBuildFile; fileRef = AAF79C9724A9356F00C7C4B3 /* wrapper.cpp */; };
		AAF79C9A24A9356F00C7C4B3 /* wrapper.hpp in Headers */ = {isa = PBXBuildFile; fileRef = AAF79C9824A9356F00C7C4B3 /* wrapper.hpp */; };
/* End PBXBuildFile section */

/* Begin PBXFileReference section */
		AAF79C6024A92F3400C7C4B3 /* libcalibration.dylib */ = {isa = PBXFileReference; explicitFileType = "compiled.mach-o.dylib"; includeInIndex = 0; path = libcalibration.dylib; sourceTree = BUILT_PRODUCTS_DIR; };
		AAF79C7424A92F8600C7C4B3 /* Makefile */ = {isa = PBXFileReference; fileEncoding = 4; lastKnownFileType = sourcecode.make; path = Makefile; sourceTree = "<group>"; };
		AAF79C7524A92F8600C7C4B3 /* track_markers.hpp */ = {isa = PBXFileReference; fileEncoding = 4; lastKnownFileType = sourcecode.cpp.h; path = track_markers.hpp; sourceTree = "<group>"; };
		AAF79C7624A92F8600C7C4B3 /* track_markers.cpp */ = {isa = PBXFileReference; fileEncoding = 4; lastKnownFileType = sourcecode.cpp.cpp; path = track_markers.cpp; sourceTree = "<group>"; };
		AAF79C8324A931A100C7C4B3 /* libopencv_highgui.4.3.0.dylib */ = {isa = PBXFileReference; lastKnownFileType = "compiled.mach-o.dylib"; name = libopencv_highgui.4.3.0.dylib; path = ../../../../../../usr/local/Cellar/opencv/4.3.0_5/lib/libopencv_highgui.4.3.0.dylib; sourceTree = "<group>"; };
		AAF79C8424A931A100C7C4B3 /* libopencv_videoio.4.3.0.dylib */ = {isa = PBXFileReference; lastKnownFileType = "compiled.mach-o.dylib"; name = libopencv_videoio.4.3.0.dylib; path = ../../../../../../usr/local/Cellar/opencv/4.3.0_5/lib/libopencv_videoio.4.3.0.dylib; sourceTree = "<group>"; };
		AAF79C8524A931A200C7C4B3 /* libopencv_calib3d.4.3.0.dylib */ = {isa = PBXFileReference; lastKnownFileType = "compiled.mach-o.dylib"; name = libopencv_calib3d.4.3.0.dylib; path = ../../../../../../usr/local/Cellar/opencv/4.3.0_5/lib/libopencv_calib3d.4.3.0.dylib; sourceTree = "<group>"; };
		AAF79C8624A931A200C7C4B3 /* libopencv_imgcodecs.4.3.0.dylib */ = {isa = PBXFileReference; lastKnownFileType = "compiled.mach-o.dylib"; name = libopencv_imgcodecs.4.3.0.dylib; path = ../../../../../../usr/local/Cellar/opencv/4.3.0_5/lib/libopencv_imgcodecs.4.3.0.dylib; sourceTree = "<group>"; };
		AAF79C8724A931A200C7C4B3 /* libopencv_aruco.4.3.0.dylib */ = {isa = PBXFileReference; lastKnownFileType = "compiled.mach-o.dylib"; name = libopencv_aruco.4.3.0.dylib; path = ../../../../../../usr/local/Cellar/opencv/4.3.0_5/lib/libopencv_aruco.4.3.0.dylib; sourceTree = "<group>"; };
		AAF79C8824A931A200C7C4B3 /* libopencv_core.4.3.0.dylib */ = {isa = PBXFileReference; lastKnownFileType = "compiled.mach-o.dylib"; name = libopencv_core.4.3.0.dylib; path = ../../../../../../usr/local/Cellar/opencv/4.3.0_5/lib/libopencv_core.4.3.0.dylib; sourceTree = "<group>"; };
		AAF79C8924A931A200C7C4B3 /* libopencv_features2d.4.3.0.dylib */ = {isa = PBXFileReference; lastKnownFileType = "compiled.mach-o.dylib"; name = libopencv_features2d.4.3.0.dylib; path = ../../../../../../usr/local/Cellar/opencv/4.3.0_5/lib/libopencv_features2d.4.3.0.dylib; sourceTree = "<group>"; };
		AAF79C8A24A931A200C7C4B3 /* libopencv_imgproc.4.3.0.dylib */ = {isa = PBXFileReference; lastKnownFileType = "compiled.mach-o.dylib"; name = libopencv_imgproc.4.3.0.dylib; path = ../../../../../../usr/local/Cellar/opencv/4.3.0_5/lib/libopencv_imgproc.4.3.0.dylib; sourceTree = "<group>"; };
		AAF79C9724A9356F00C7C4B3 /* wrapper.cpp */ = {isa = PBXFileReference; lastKnownFileType = sourcecode.cpp.cpp; path = wrapper.cpp; sourceTree = "<group>"; };
		AAF79C9824A9356F00C7C4B3 /* wrapper.hpp */ = {isa = PBXFileReference; lastKnownFileType = sourcecode.cpp.h; path = wrapper.hpp; sourceTree = "<group>"; };
/* End PBXFileReference section */

/* Begin PBXFrameworksBuildPhase section */
		AAF79C5E24A92F3400C7C4B3 /* Frameworks */ = {
			isa = PBXFrameworksBuildPhase;
			buildActionMask = 2147483647;
			files = (
				AAF79C8B24A931A200C7C4B3 /* libopencv_highgui.4.3.0.dylib in Frameworks */,
				AAF79C8C24A931A200C7C4B3 /* libopencv_videoio.4.3.0.dylib in Frameworks */,
				AAF79C8D24A931A200C7C4B3 /* libopencv_calib3d.4.3.0.dylib in Frameworks */,
				AAF79C8E24A931A200C7C4B3 /* libopencv_imgcodecs.4.3.0.dylib in Frameworks */,
				AAF79C8F24A931A200C7C4B3 /* libopencv_aruco.4.3.0.dylib in Frameworks */,
				AAF79C9024A931A200C7C4B3 /* libopencv_core.4.3.0.dylib in Frameworks */,
				AAF79C9124A931A200C7C4B3 /* libopencv_features2d.4.3.0.dylib in Frameworks */,
				AAF79C9224A931A200C7C4B3 /* libopencv_imgproc.4.3.0.dylib in Frameworks */,
			);
			runOnlyForDeploymentPostprocessing = 0;
		};
/* End PBXFrameworksBuildPhase section */

/* Begin PBXGroup section */
		AAF79C5724A92F3400C7C4B3 = {
			isa = PBXGroup;
			children = (
				AAF79C6224A92F3400C7C4B3 /* calibration */,
				AAF79C6124A92F3400C7C4B3 /* Products */,
				AAF79C8224A931A100C7C4B3 /* Frameworks */,
			);
			sourceTree = "<group>";
		};
		AAF79C6124A92F3400C7C4B3 /* Products */ = {
			isa = PBXGroup;
			children = (
				AAF79C6024A92F3400C7C4B3 /* libcalibration.dylib */,
			);
			name = Products;
			sourceTree = "<group>";
		};
		AAF79C6224A92F3400C7C4B3 /* calibration */ = {
			isa = PBXGroup;
			children = (
				AAF79C7624A92F8600C7C4B3 /* track_markers.cpp */,
				AAF79C7524A92F8600C7C4B3 /* track_markers.hpp */,
				AAF79C7424A92F8600C7C4B3 /* Makefile */,
				AAF79C9724A9356F00C7C4B3 /* wrapper.cpp */,
				AAF79C9824A9356F00C7C4B3 /* wrapper.hpp */,
			);
			path = calibration;
			sourceTree = "<group>";
		};
		AAF79C8224A931A100C7C4B3 /* Frameworks */ = {
			isa = PBXGroup;
			children = (
				AAF79C8724A931A200C7C4B3 /* libopencv_aruco.4.3.0.dylib */,
				AAF79C8524A931A200C7C4B3 /* libopencv_calib3d.4.3.0.dylib */,
				AAF79C8824A931A200C7C4B3 /* libopencv_core.4.3.0.dylib */,
				AAF79C8924A931A200C7C4B3 /* libopencv_features2d.4.3.0.dylib */,
				AAF79C8324A931A100C7C4B3 /* libopencv_highgui.4.3.0.dylib */,
				AAF79C8624A931A200C7C4B3 /* libopencv_imgcodecs.4.3.0.dylib */,
				AAF79C8A24A931A200C7C4B3 /* libopencv_imgproc.4.3.0.dylib */,
				AAF79C8424A931A100C7C4B3 /* libopencv_videoio.4.3.0.dylib */,
			);
			name = Frameworks;
			sourceTree = "<group>";
		};
/* End PBXGroup section */

/* Begin PBXHeadersBuildPhase section */
		AAF79C5C24A92F3400C7C4B3 /* Headers */ = {
			isa = PBXHeadersBuildPhase;
			buildActionMask = 2147483647;
			files = (
				AAF79C9A24A9356F00C7C4B3 /* wrapper.hpp in Headers */,
				AAF79C7824A92F8600C7C4B3 /* track_markers.hpp in Headers */,
			);
			runOnlyForDeploymentPostprocessing = 0;
		};
/* End PBXHeadersBuildPhase section */

/* Begin PBXNativeTarget section */
		AAF79C5F24A92F3400C7C4B3 /* calibration */ = {
			isa = PBXNativeTarget;
			buildConfigurationList = AAF79C6924A92F3400C7C4B3 /* Build configuration list for PBXNativeTarget "calibration" */;
			buildPhases = (
				AAF79C5C24A92F3400C7C4B3 /* Headers */,
				AAF79C5D24A92F3400C7C4B3 /* Sources */,
				AAF79C5E24A92F3400C7C4B3 /* Frameworks */,
			);
			buildRules = (
			);
			dependencies = (
			);
			name = calibration;
			productName = calibration;
			productReference = AAF79C6024A92F3400C7C4B3 /* libcalibration.dylib */;
			productType = "com.apple.product-type.library.dynamic";
		};
/* End PBXNativeTarget section */

/* Begin PBXProject section */
		AAF79C5824A92F3400C7C4B3 /* Project object */ = {
			isa = PBXProject;
			attributes = {
				LastUpgradeCheck = 1030;
				ORGANIZATIONNAME = "Toby Weed";
				TargetAttributes = {
					AAF79C5F24A92F3400C7C4B3 = {
						CreatedOnToolsVersion = 10.3;
					};
				};
			};
			buildConfigurationList = AAF79C5B24A92F3400C7C4B3 /* Build configuration list for PBXProject "calibration" */;
			compatibilityVersion = "Xcode 9.3";
			developmentRegion = en;
			hasScannedForEncodings = 0;
			knownRegions = (
				en,
			);
			mainGroup = AAF79C5724A92F3400C7C4B3;
			productRefGroup = AAF79C6124A92F3400C7C4B3 /* Products */;
			projectDirPath = "";
			projectRoot = "";
			targets = (
				AAF79C5F24A92F3400C7C4B3 /* calibration */,
			);
		};
/* End PBXProject section */

/* Begin PBXSourcesBuildPhase section */
		AAF79C5D24A92F3400C7C4B3 /* Sources */ = {
			isa = PBXSourcesBuildPhase;
			buildActionMask = 2147483647;
			files = (
				AAF79C7924A92F8600C7C4B3 /* track_markers.cpp in Sources */,
				AAF79C9924A9356F00C7C4B3 /* wrapper.cpp in Sources */,
			);
			runOnlyForDeploymentPostprocessing = 0;
		};
/* End PBXSourcesBuildPhase section */

/* Begin XCBuildConfiguration section */
		AAF79C6724A92F3400C7C4B3 /* Debug */ = {
			isa = XCBuildConfiguration;
			buildSettings = {
				ALWAYS_SEARCH_USER_PATHS = NO;
				CLANG_ANALYZER_NONNULL = YES;
				CLANG_ANALYZER_NUMBER_OBJECT_CONVERSION = YES_AGGRESSIVE;
				CLANG_CXX_LANGUAGE_STANDARD = "gnu++14";
				CLANG_CXX_LIBRARY = "libc++";
				CLANG_ENABLE_MODULES = YES;
				CLANG_ENABLE_OBJC_ARC = YES;
				CLANG_ENABLE_OBJC_WEAK = YES;
				CLANG_WARN_BLOCK_CAPTURE_AUTORELEASING = YES;
				CLANG_WARN_BOOL_CONVERSION = YES;
				CLANG_WARN_COMMA = YES;
				CLANG_WARN_CONSTANT_CONVERSION = YES;
				CLANG_WARN_DEPRECATED_OBJC_IMPLEMENTATIONS = YES;
				CLANG_WARN_DIRECT_OBJC_ISA_USAGE = YES_ERROR;
				CLANG_WARN_DOCUMENTATION_COMMENTS = YES;
				CLANG_WARN_EMPTY_BODY = YES;
				CLANG_WARN_ENUM_CONVERSION = YES;
				CLANG_WARN_INFINITE_RECURSION = YES;
				CLANG_WARN_INT_CONVERSION = YES;
				CLANG_WARN_NON_LITERAL_NULL_CONVERSION = YES;
				CLANG_WARN_OBJC_IMPLICIT_RETAIN_SELF = YES;
				CLANG_WARN_OBJC_LITERAL_CONVERSION = YES;
				CLANG_WARN_OBJC_ROOT_CLASS = YES_ERROR;
				CLANG_WARN_RANGE_LOOP_ANALYSIS = YES;
				CLANG_WARN_STRICT_PROTOTYPES = YES;
				CLANG_WARN_SUSPICIOUS_MOVE = YES;
				CLANG_WARN_UNGUARDED_AVAILABILITY = YES_AGGRESSIVE;
				CLANG_WARN_UNREACHABLE_CODE = YES;
				CLANG_WARN__DUPLICATE_METHOD_MATCH = YES;
				CODE_SIGN_IDENTITY = "-";
				COPY_PHASE_STRIP = NO;
				DEBUG_INFORMATION_FORMAT = dwarf;
				ENABLE_STRICT_OBJC_MSGSEND = YES;
				ENABLE_TESTABILITY = YES;
				GCC_C_LANGUAGE_STANDARD = gnu11;
				GCC_DYNAMIC_NO_PIC = NO;
				GCC_NO_COMMON_BLOCKS = YES;
				GCC_OPTIMIZATION_LEVEL = 0;
				GCC_PREPROCESSOR_DEFINITIONS = (
					"DEBUG=1",
					"$(inherited)",
				);
				GCC_WARN_64_TO_32_BIT_CONVERSION = YES;
				GCC_WARN_ABOUT_RETURN_TYPE = YES_ERROR;
				GCC_WARN_UNDECLARED_SELECTOR = YES;
				GCC_WARN_UNINITIALIZED_AUTOS = YES_AGGRESSIVE;
				GCC_WARN_UNUSED_FUNCTION = YES;
				GCC_WARN_UNUSED_VARIABLE = YES;
				MACOSX_DEPLOYMENT_TARGET = 10.14;
				MTL_ENABLE_DEBUG_INFO = INCLUDE_SOURCE;
				MTL_FAST_MATH = YES;
				ONLY_ACTIVE_ARCH = YES;
				SDKROOT = macosx;
			};
			name = Debug;
		};
		AAF79C6824A92F3400C7C4B3 /* Release */ = {
			isa = XCBuildConfiguration;
			buildSettings = {
				ALWAYS_SEARCH_USER_PATHS = NO;
				CLANG_ANALYZER_NONNULL = YES;
				CLANG_ANALYZER_NUMBER_OBJECT_CONVERSION = YES_AGGRESSIVE;
				CLANG_CXX_LANGUAGE_STANDARD = "gnu++14";
				CLANG_CXX_LIBRARY = "libc++";
				CLANG_ENABLE_MODULES = YES;
				CLANG_ENABLE_OBJC_ARC = YES;
				CLANG_ENABLE_OBJC_WEAK = YES;
				CLANG_WARN_BLOCK_CAPTURE_AUTORELEASING = YES;
				CLANG_WARN_BOOL_CONVERSION = YES;
				CLANG_WARN_COMMA = YES;
				CLANG_WARN_CONSTANT_CONVERSION = YES;
				CLANG_WARN_DEPRECATED_OBJC_IMPLEMENTATIONS = YES;
				CLANG_WARN_DIRECT_OBJC_ISA_USAGE = YES_ERROR;
				CLANG_WARN_DOCUMENTATION_COMMENTS = YES;
				CLANG_WARN_EMPTY_BODY = YES;
				CLANG_WARN_ENUM_CONVERSION = YES;
				CLANG_WARN_INFINITE_RECURSION = YES;
				CLANG_WARN_INT_CONVERSION = YES;
				CLANG_WARN_NON_LITERAL_NULL_CONVERSION = YES;
				CLANG_WARN_OBJC_IMPLICIT_RETAIN_SELF = YES;
				CLANG_WARN_OBJC_LITERAL_CONVERSION = YES;
				CLANG_WARN_OBJC_ROOT_CLASS = YES_ERROR;
				CLANG_WARN_RANGE_LOOP_ANALYSIS = YES;
				CLANG_WARN_STRICT_PROTOTYPES = YES;
				CLANG_WARN_SUSPICIOUS_MOVE = YES;
				CLANG_WARN_UNGUARDED_AVAILABILITY = YES_AGGRESSIVE;
				CLANG_WARN_UNREACHABLE_CODE = YES;
				CLANG_WARN__DUPLICATE_METHOD_MATCH = YES;
				CODE_SIGN_IDENTITY = "-";
				COPY_PHASE_STRIP = NO;
				DEBUG_INFORMATION_FORMAT = "dwarf-with-dsym";
				ENABLE_NS_ASSERTIONS = NO;
				ENABLE_STRICT_OBJC_MSGSEND = YES;
				GCC_C_LANGUAGE_STANDARD = gnu11;
				GCC_NO_COMMON_BLOCKS = YES;
				GCC_WARN_64_TO_32_BIT_CONVERSION = YES;
				GCC_WARN_ABOUT_RETURN_TYPE = YES_ERROR;
				GCC_WARN_UNDECLARED_SELECTOR = YES;
				GCC_WARN_UNINITIALIZED_AUTOS = YES_AGGRESSIVE;
				GCC_WARN_UNUSED_FUNCTION = YES;
				GCC_WARN_UNUSED_VARIABLE = YES;
				MACOSX_DEPLOYMENT_TARGET = 10.14;
				MTL_ENABLE_DEBUG_INFO = NO;
				MTL_FAST_MATH = YES;
				SDKROOT = macosx;
			};
			name = Release;
		};
		AAF79C6A24A92F3400C7C4B3 /* Debug */ = {
			isa = XCBuildConfiguration;
			buildSettings = {
				CODE_SIGN_STYLE = Automatic;
				DYLIB_COMPATIBILITY_VERSION = 1;
				DYLIB_CURRENT_VERSION = 1;
				EXECUTABLE_PREFIX = lib;
				HEADER_SEARCH_PATHS = /usr/local/Cellar/opencv/4.3.0_5/include/opencv4;
				LIBRARY_SEARCH_PATHS = (
					"$(inherited)",
					/usr/local/Cellar/opencv/4.3.0_5/lib,
				);
				PRODUCT_NAME = "$(TARGET_NAME)";
				SKIP_INSTALL = YES;
			};
			name = Debug;
		};
		AAF79C6B24A92F3400C7C4B3 /* Release */ = {
			isa = XCBuildConfiguration;
			buildSettings = {
				CODE_SIGN_STYLE = Automatic;
				DYLIB_COMPATIBILITY_VERSION = 1;
				DYLIB_CURRENT_VERSION = 1;
				EXECUTABLE_PREFIX = lib;
				HEADER_SEARCH_PATHS = /usr/local/Cellar/opencv/4.3.0_5/include/opencv4;
				LIBRARY_SEARCH_PATHS = (
					"$(inherited)",
					/usr/local/Cellar/opencv/4.3.0_5/lib,
				);
				PRODUCT_NAME = "$(TARGET_NAME)";
				SKIP_INSTALL = YES;
			};
			name = Release;
		};
/* End XCBuildConfiguration section */

/* Begin XCConfigurationList section */
		AAF79C5B24A92F3400C7C4B3 /* Build configuration list for PBXProject "calibration" */ = {
			isa = XCConfigurationList;
			buildConfigurations = (
				AAF79C6724A92F3400C7C4B3 /* Debug */,
				AAF79C6824A92F3400C7C4B3 /* Release */,
			);
			defaultConfigurationIsVisible = 0;
			defaultConfigurationName = Release;
		};
		AAF79C6924A92F3400C7C4B3 /* Build configuration list for PBXNativeTarget "calibration" */ = {
			isa = XCConfigurationList;
			buildConfigurations = (
				AAF79C6A24A92F3400C7C4B3 /* Debug */,
				AAF79C6B24A92F3400C7C4B3 /* Release */,
			);
			defaultConfigurationIsVisible = 0;
			defaultConfigurationName = Release;
		};
/* End XCConfigurationList section */
	};
	rootObject = AAF79C5824A92F3400C7C4B3 /* Project object */;
}
